
Microsoft Visual Studio Solution File, Format Version 12.00
Project("{FAE04EC0-301F-11D3-BF4B-00C04F79EFBC}") = "prepearingtoexam", "prepearingtoexam\prepearingtoexam.csproj", "{C952BA17-6F06-4F46-8033-633D7890ED61}"
EndProject
Global
	GlobalSection(SolutionConfigurationPlatforms) = preSolution
		Debug|Any CPU = Debug|Any CPU
		Release|Any CPU = Release|Any CPU
	EndGlobalSection
	GlobalSection(ProjectConfigurationPlatforms) = postSolution
		{C952BA17-6F06-4F46-8033-633D7890ED61}.Debug|Any CPU.ActiveCfg = Debug|Any CPU
		{C952BA17-6F06-4F46-8033-633D7890ED61}.Debug|Any CPU.Build.0 = Debug|Any CPU
		{C952BA17-6F06-4F46-8033-633D7890ED61}.Release|Any CPU.ActiveCfg = Release|Any CPU
		{C952BA17-6F06-4F46-8033-633D7890ED61}.Release|Any CPU.Build.0 = Release|Any CPU
	EndGlobalSection
EndGlobal
